
Microsoft Visual Studio Solution File, Format Version 12.00
# Visual Studio Version 17
VisualStudioVersion = 17.4.33205.214
MinimumVisualStudioVersion = 10.0.40219.1
Project("{FAE04EC0-301F-11D3-BF4B-00C04F79EFBC}") = "RAB_Session 06_Challenge", "RAB_Session 06_Challenge\RAB_Session 06_Challenge.csproj", "{B860AA96-F771-4530-A20D-553B6C8CEA44}"
EndProject
Global
	GlobalSection(SolutionConfigurationPlatforms) = preSolution
		Debug|Any CPU = Debug|Any CPU
		Release|Any CPU = Release|Any CPU
	EndGlobalSection
	GlobalSection(ProjectConfigurationPlatforms) = postSolution
		{B860AA96-F771-4530-A20D-553B6C8CEA44}.Debug|Any CPU.ActiveCfg = Debug|Any CPU
		{B860AA96-F771-4530-A20D-553B6C8CEA44}.Debug|Any CPU.Build.0 = Debug|Any CPU
		{B860AA96-F771-4530-A20D-553B6C8CEA44}.Release|Any CPU.ActiveCfg = Release|Any CPU
		{B860AA96-F771-4530-A20D-553B6C8CEA44}.Release|Any CPU.Build.0 = Release|Any CPU
	EndGlobalSection
	GlobalSection(SolutionProperties) = preSolution
		HideSolutionNode = FALSE
	EndGlobalSection
	GlobalSection(ExtensibilityGlobals) = postSolution
		SolutionGuid = {BDBDCE82-9104-4E39-B91A-3B7C7C5399E2}
	EndGlobalSection
EndGlobal
